// !$*UTF8*$!
{
	archiveVersion = 1;
	classes = {
	};
	objectVersion = 46;
	objects = {

/* Begin PBXBuildFile section */
		F8A664711E2B5F3200A84C86 /* AppDelegate.m in Sources */ = {isa = PBXBuildFile; fileRef = F8A664701E2B5F3200A84C86 /* AppDelegate.m */; };
		F8A664741E2B5F3200A84C86 /* main.m in Sources */ = {isa = PBXBuildFile; fileRef = F8A664731E2B5F3200A84C86 /* main.m */; };
		F8A664761E2B5F3200A84C86 /* Assets.xcassets in Resources */ = {isa = PBXBuildFile; fileRef = F8A664751E2B5F3200A84C86 /* Assets.xcassets */; };
		F8A664791E2B5F3200A84C86 /* MainMenu.xib in Resources */ = {isa = PBXBuildFile; fileRef = F8A664771E2B5F3200A84C86 /* MainMenu.xib */; };
/* End PBXBuildFile section */

/* Begin PBXContainerItemProxy section */
		F8A664801E2B5F3300A84C86 /* PBXContainerItemProxy */ = {
			isa = PBXContainerItemProxy;
			containerPortal = F8A664641E2B5F3200A84C86 /* Project object */;
			proxyType = 1;
			remoteGlobalIDString = F8A6646B1E2B5F3200A84C86;
			remoteInfo = NStitlebar_with_item;
		};
		F8A6648B1E2B5F3300A84C86 /* PBXContainerItemProxy */ = {
			isa = PBXContainerItemProxy;
			containerPortal = F8A664641E2B5F3200A84C86 /* Project object */;
			proxyType = 1;
			remoteGlobalIDString = F8A6646B1E2B5F3200A84C86;
			remoteInfo = NStitlebar_with_item;
		};
/* End PBXContainerItemProxy section */

/* Begin PBXFileReference section */
		F8A6646C1E2B5F3200A84C86 /* NStitlebar_with_item.app */ = {isa = PBXFileReference; explicitFileType = wrapper.application; includeInIndex = 0; path = NStitlebar_with_item.app; sourceTree = BUILT_PRODUCTS_DIR; };
		F8A6646F1E2B5F3200A84C86 /* AppDelegate.h */ = {isa = PBXFileReference; lastKnownFileType = sourcecode.c.h; path = AppDelegate.h; sourceTree = "<group>"; };
		F8A664701E2B5F3200A84C86 /* AppDelegate.m */ = {isa = PBXFileReference; lastKnownFileType = sourcecode.c.objc; path = AppDelegate.m; sourceTree = "<group>"; };
		F8A664731E2B5F3200A84C86 /* main.m */ = {isa = PBXFileReference; lastKnownFileType = sourcecode.c.objc; path = main.m; sourceTree = "<group>"; };
		F8A664751E2B5F3200A84C86 /* Assets.xcassets */ = {isa = PBXFileReference; lastKnownFileType = folder.assetcatalog; path = Assets.xcassets; sourceTree = "<group>"; };
		F8A664781E2B5F3200A84C86 /* Base */ = {isa = PBXFileReference; lastKnownFileType = file.xib; name = Base; path = Base.lproj/MainMenu.xib; sourceTree = "<group>"; };
		F8A6647A1E2B5F3200A84C86 /* Info.plist */ = {isa = PBXFileReference; lastKnownFileType = text.plist.xml; path = Info.plist; sourceTree = "<group>"; };
		F8A6647F1E2B5F3300A84C86 /* NStitlebar_with_itemTests.xctest */ = {isa = PBXFileReference; explicitFileType = wrapper.cfbundle; includeInIndex = 0; path = NStitlebar_with_itemTests.xctest; sourceTree = BUILT_PRODUCTS_DIR; };
		F8A6648A1E2B5F3300A84C86 /* NStitlebar_with_itemUITests.xctest */ = {isa = PBXFileReference; explicitFileType = wrapper.cfbundle; includeInIndex = 0; path = NStitlebar_with_itemUITests.xctest; sourceTree = BUILT_PRODUCTS_DIR; };
/* End PBXFileReference section */

/* Begin PBXFrameworksBuildPhase section */
		F8A664691E2B5F3200A84C86 /* Frameworks */ = {
			isa = PBXFrameworksBuildPhase;
			buildActionMask = 2147483647;
			files = (
			);
			runOnlyForDeploymentPostprocessing = 0;
		};
		F8A6647C1E2B5F3300A84C86 /* Frameworks */ = {
			isa = PBXFrameworksBuildPhase;
			buildActionMask = 2147483647;
			files = (
			);
			runOnlyForDeploymentPostprocessing = 0;
		};
		F8A664871E2B5F3300A84C86 /* Frameworks */ = {
			isa = PBXFrameworksBuildPhase;
			buildActionMask = 2147483647;
			files = (
			);
			runOnlyForDeploymentPostprocessing = 0;
		};
/* End PBXFrameworksBuildPhase section */

/* Begin PBXGroup section */
		F8A664631E2B5F3200A84C86 = {
			isa = PBXGroup;
			children = (
				F8A6646E1E2B5F3200A84C86 /* NStitlebar_with_item */,
				F8A6646D1E2B5F3200A84C86 /* Products */,
			);
			sourceTree = "<group>";
		};
		F8A6646D1E2B5F3200A84C86 /* Products */ = {
			isa = PBXGroup;
			children = (
				F8A6646C1E2B5F3200A84C86 /* NStitlebar_with_item.app */,
				F8A6647F1E2B5F3300A84C86 /* NStitlebar_with_itemTests.xctest */,
				F8A6648A1E2B5F3300A84C86 /* NStitlebar_with_itemUITests.xctest */,
			);
			name = Products;
			sourceTree = "<group>";
		};
		F8A6646E1E2B5F3200A84C86 /* NStitlebar_with_item */ = {
			isa = PBXGroup;
			children = (
				F8A6646F1E2B5F3200A84C86 /* AppDelegate.h */,
				F8A664701E2B5F3200A84C86 /* AppDelegate.m */,
				F8A664751E2B5F3200A84C86 /* Assets.xcassets */,
				F8A664771E2B5F3200A84C86 /* MainMenu.xib */,
				F8A6647A1E2B5F3200A84C86 /* Info.plist */,
				F8A664721E2B5F3200A84C86 /* Supporting Files */,
			);
			path = NStitlebar_with_item;
			sourceTree = "<group>";
		};
		F8A664721E2B5F3200A84C86 /* Supporting Files */ = {
			isa = PBXGroup;
			children = (
				F8A664731E2B5F3200A84C86 /* main.m */,
			);
			name = "Supporting Files";
			sourceTree = "<group>";
		};
/* End PBXGroup section */

/* Begin PBXNativeTarget section */
		F8A6646B1E2B5F3200A84C86 /* NStitlebar_with_item */ = {
			isa = PBXNativeTarget;
			buildConfigurationList = F8A664931E2B5F3300A84C86 /* Build configuration list for PBXNativeTarget "NStitlebar_with_item" */;
			buildPhases = (
				F8A664681E2B5F3200A84C86 /* Sources */,
				F8A664691E2B5F3200A84C86 /* Frameworks */,
				F8A6646A1E2B5F3200A84C86 /* Resources */,
			);
			buildRules = (
			);
			dependencies = (
			);
			name = NStitlebar_with_item;
			productName = NStitlebar_with_item;
			productReference = F8A6646C1E2B5F3200A84C86 /* NStitlebar_with_item.app */;
			productType = "com.apple.product-type.application";
		};
		F8A6647E1E2B5F3300A84C86 /* NStitlebar_with_itemTests */ = {
			isa = PBXNativeTarget;
			buildConfigurationList = F8A664961E2B5F3300A84C86 /* Build configuration list for PBXNativeTarget "NStitlebar_with_itemTests" */;
			buildPhases = (
				F8A6647B1E2B5F3300A84C86 /* Sources */,
				F8A6647C1E2B5F3300A84C86 /* Frameworks */,
				F8A6647D1E2B5F3300A84C86 /* Resources */,
			);
			buildRules = (
			);
			dependencies = (
				F8A664811E2B5F3300A84C86 /* PBXTargetDependency */,
			);
			name = NStitlebar_with_itemTests;
			productName = NStitlebar_with_itemTests;
			productReference = F8A6647F1E2B5F3300A84C86 /* NStitlebar_with_itemTests.xctest */;
			productType = "com.apple.product-type.bundle.unit-test";
		};
		F8A664891E2B5F3300A84C86 /* NStitlebar_with_itemUITests */ = {
			isa = PBXNativeTarget;
			buildConfigurationList = F8A664991E2B5F3300A84C86 /* Build configuration list for PBXNativeTarget "NStitlebar_with_itemUITests" */;
			buildPhases = (
				F8A664861E2B5F3300A84C86 /* Sources */,
				F8A664871E2B5F3300A84C86 /* Frameworks */,
				F8A664881E2B5F3300A84C86 /* Resources */,
			);
			buildRules = (
			);
			dependencies = (
				F8A6648C1E2B5F3300A84C86 /* PBXTargetDependency */,
			);
			name = NStitlebar_with_itemUITests;
			productName = NStitlebar_with_itemUITests;
			productReference = F8A6648A1E2B5F3300A84C86 /* NStitlebar_with_itemUITests.xctest */;
			productType = "com.apple.product-type.bundle.ui-testing";
		};
/* End PBXNativeTarget section */

/* Begin PBXProject section */
		F8A664641E2B5F3200A84C86 /* Project object */ = {
			isa = PBXProject;
			attributes = {
				LastUpgradeCheck = 0820;
				ORGANIZATIONNAME = boo;
				TargetAttributes = {
					F8A6646B1E2B5F3200A84C86 = {
						CreatedOnToolsVersion = 8.2.1;
						ProvisioningStyle = Automatic;
					};
					F8A6647E1E2B5F3300A84C86 = {
						CreatedOnToolsVersion = 8.2.1;
						ProvisioningStyle = Automatic;
						TestTargetID = F8A6646B1E2B5F3200A84C86;
					};
					F8A664891E2B5F3300A84C86 = {
						CreatedOnToolsVersion = 8.2.1;
						ProvisioningStyle = Automatic;
						TestTargetID = F8A6646B1E2B5F3200A84C86;
					};
				};
			};
			buildConfigurationList = F8A664671E2B5F3200A84C86 /* Build configuration list for PBXProject "NStitlebar_with_item" */;
			compatibilityVersion = "Xcode 3.2";
			developmentRegion = English;
			hasScannedForEncodings = 0;
			knownRegions = (
				en,
				Base,
			);
			mainGroup = F8A664631E2B5F3200A84C86;
			productRefGroup = F8A6646D1E2B5F3200A84C86 /* Products */;
			projectDirPath = "";
			projectRoot = "";
			targets = (
				F8A6646B1E2B5F3200A84C86 /* NStitlebar_with_item */,
				F8A6647E1E2B5F3300A84C86 /* NStitlebar_with_itemTests */,
				F8A664891E2B5F3300A84C86 /* NStitlebar_with_itemUITests */,
			);
		};
/* End PBXProject section */

/* Begin PBXResourcesBuildPhase section */
		F8A6646A1E2B5F3200A84C86 /* Resources */ = {
			isa = PBXResourcesBuildPhase;
			buildActionMask = 2147483647;
			files = (
				F8A664761E2B5F3200A84C86 /* Assets.xcassets in Resources */,
				F8A664791E2B5F3200A84C86 /* MainMenu.xib in Resources */,
			);
			runOnlyForDeploymentPostprocessing = 0;
		};
		F8A6647D1E2B5F3300A84C86 /* Resources */ = {
			isa = PBXResourcesBuildPhase;
			buildActionMask = 2147483647;
			files = (
			);
			runOnlyForDeploymentPostprocessing = 0;
		};
		F8A664881E2B5F3300A84C86 /* Resources */ = {
			isa = PBXResourcesBuildPhase;
			buildActionMask = 2147483647;
			files = (
			);
			runOnlyForDeploymentPostprocessing = 0;
		};
/* End PBXResourcesBuildPhase section */

/* Begin PBXSourcesBuildPhase section */
		F8A664681E2B5F3200A84C86 /* Sources */ = {
			isa = PBXSourcesBuildPhase;
			buildActionMask = 2147483647;
			files = (
				F8A664741E2B5F3200A84C86 /* main.m in Sources */,
				F8A664711E2B5F3200A84C86 /* AppDelegate.m in Sources */,
			);
			runOnlyForDeploymentPostprocessing = 0;
		};
		F8A6647B1E2B5F3300A84C86 /* Sources */ = {
			isa = PBXSourcesBuildPhase;
			buildActionMask = 2147483647;
			files = (
			);
			runOnlyForDeploymentPostprocessing = 0;
		};
		F8A664861E2B5F3300A84C86 /* Sources */ = {
			isa = PBXSourcesBuildPhase;
			buildActionMask = 2147483647;
			files = (
			);
			runOnlyForDeploymentPostprocessing = 0;
		};
/* End PBXSourcesBuildPhase section */

/* Begin PBXTargetDependency section */
		F8A664811E2B5F3300A84C86 /* PBXTargetDependency */ = {
			isa = PBXTargetDependency;
			target = F8A6646B1E2B5F3200A84C86 /* NStitlebar_with_item */;
			targetProxy = F8A664801E2B5F3300A84C86 /* PBXContainerItemProxy */;
		};
		F8A6648C1E2B5F3300A84C86 /* PBXTargetDependency */ = {
			isa = PBXTargetDependency;
			target = F8A6646B1E2B5F3200A84C86 /* NStitlebar_with_item */;
			targetProxy = F8A6648B1E2B5F3300A84C86 /* PBXContainerItemProxy */;
		};
/* End PBXTargetDependency section */

/* Begin PBXVariantGroup section */
		F8A664771E2B5F3200A84C86 /* MainMenu.xib */ = {
			isa = PBXVariantGroup;
			children = (
				F8A664781E2B5F3200A84C86 /* Base */,
			);
			name = MainMenu.xib;
			sourceTree = "<group>";
		};
/* End PBXVariantGroup section */

/* Begin XCBuildConfiguration section */
		F8A664911E2B5F3300A84C86 /* Debug */ = {
			isa = XCBuildConfiguration;
			buildSettings = {
				ALWAYS_SEARCH_USER_PATHS = NO;
				CLANG_ANALYZER_NONNULL = YES;
				CLANG_CXX_LANGUAGE_STANDARD = "gnu++0x";
				CLANG_CXX_LIBRARY = "libc++";
				CLANG_ENABLE_MODULES = YES;
				CLANG_ENABLE_OBJC_ARC = YES;
				CLANG_WARN_BOOL_CONVERSION = YES;
				CLANG_WARN_CONSTANT_CONVERSION = YES;
				CLANG_WARN_DIRECT_OBJC_ISA_USAGE = YES_ERROR;
				CLANG_WARN_DOCUMENTATION_COMMENTS = YES;
				CLANG_WARN_EMPTY_BODY = YES;
				CLANG_WARN_ENUM_CONVERSION = YES;
				CLANG_WARN_INFINITE_RECURSION = YES;
				CLANG_WARN_INT_CONVERSION = YES;
				CLANG_WARN_OBJC_ROOT_CLASS = YES_ERROR;
				CLANG_WARN_SUSPICIOUS_MOVE = YES;
				CLANG_WARN_UNREACHABLE_CODE = YES;
				CLANG_WARN__DUPLICATE_METHOD_MATCH = YES;
				CODE_SIGN_IDENTITY = "-";
				COPY_PHASE_STRIP = NO;
				DEBUG_INFORMATION_FORMAT = dwarf;
				ENABLE_STRICT_OBJC_MSGSEND = YES;
				ENABLE_TESTABILITY = YES;
				GCC_C_LANGUAGE_STANDARD = gnu99;
				GCC_DYNAMIC_NO_PIC = NO;
				GCC_NO_COMMON_BLOCKS = YES;
				GCC_OPTIMIZATION_LEVEL = 0;
				GCC_PREPROCESSOR_DEFINITIONS = (
					"DEBUG=1",
					"$(inherited)",
				);
				GCC_WARN_64_TO_32_BIT_CONVERSION = YES;
				GCC_WARN_ABOUT_RETURN_TYPE = YES_ERROR;
				GCC_WARN_UNDECLARED_SELECTOR = YES;
				GCC_WARN_UNINITIALIZED_AUTOS = YES_AGGRESSIVE;
				GCC_WARN_UNUSED_FUNCTION = YES;
				GCC_WARN_UNUSED_VARIABLE = YES;
				MACOSX_DEPLOYMENT_TARGET = 10.12;
				MTL_ENABLE_DEBUG_INFO = YES;
				ONLY_ACTIVE_ARCH = YES;
				SDKROOT = macosx;
			};
			name = Debug;
		};
		F8A664921E2B5F3300A84C86 /* Release */ = {
			isa = XCBuildConfiguration;
			buildSettings = {
				ALWAYS_SEARCH_USER_PATHS = NO;
				CLANG_ANALYZER_NONNULL = YES;
				CLANG_CXX_LANGUAGE_STANDARD = "gnu++0x";
				CLANG_CXX_LIBRARY = "libc++";
				CLANG_ENABLE_MODULES = YES;
				CLANG_ENABLE_OBJC_ARC = YES;
				CLANG_WARN_BOOL_CONVERSION = YES;
				CLANG_WARN_CONSTANT_CONVERSION = YES;
				CLANG_WARN_DIRECT_OBJC_ISA_USAGE = YES_ERROR;
				CLANG_WARN_DOCUMENTATION_COMMENTS = YES;
				CLANG_WARN_EMPTY_BODY = YES;
				CLANG_WARN_ENUM_CONVERSION = YES;
				CLANG_WARN_INFINITE_RECURSION = YES;
				CLANG_WARN_INT_CONVERSION = YES;
				CLANG_WARN_OBJC_ROOT_CLASS = YES_ERROR;
				CLANG_WARN_SUSPICIOUS_MOVE = YES;
				CLANG_WARN_UNREACHABLE_CODE = YES;
				CLANG_WARN__DUPLICATE_METHOD_MATCH = YES;
				CODE_SIGN_IDENTITY = "-";
				COPY_PHASE_STRIP = NO;
				DEBUG_INFORMATION_FORMAT = "dwarf-with-dsym";
				ENABLE_NS_ASSERTIONS = NO;
				ENABLE_STRICT_OBJC_MSGSEND = YES;
				GCC_C_LANGUAGE_STANDARD = gnu99;
				GCC_NO_COMMON_BLOCKS = YES;
				GCC_WARN_64_TO_32_BIT_CONVERSION = YES;
				GCC_WARN_ABOUT_RETURN_TYPE = YES_ERROR;
				GCC_WARN_UNDECLARED_SELECTOR = YES;
				GCC_WARN_UNINITIALIZED_AUTOS = YES_AGGRESSIVE;
				GCC_WARN_UNUSED_FUNCTION = YES;
				GCC_WARN_UNUSED_VARIABLE = YES;
				MACOSX_DEPLOYMENT_TARGET = 10.12;
				MTL_ENABLE_DEBUG_INFO = NO;
				SDKROOT = macosx;
			};
			name = Release;
		};
		F8A664941E2B5F3300A84C86 /* Debug */ = {
			isa = XCBuildConfiguration;
			buildSettings = {
				ASSETCATALOG_COMPILER_APPICON_NAME = AppIcon;
				COMBINE_HIDPI_IMAGES = YES;
				INFOPLIST_FILE = NStitlebar_with_item/Info.plist;
				LD_RUNPATH_SEARCH_PATHS = "$(inherited) @executable_path/../Frameworks";
				PRODUCT_BUNDLE_IDENTIFIER = "bo.NStitlebar-with-item";
				PRODUCT_NAME = "$(TARGET_NAME)";
			};
			name = Debug;
		};
		F8A664951E2B5F3300A84C86 /* Release */ = {
			isa = XCBuildConfiguration;
			buildSettings = {
				ASSETCATALOG_COMPILER_APPICON_NAME = AppIcon;
				COMBINE_HIDPI_IMAGES = YES;
				INFOPLIST_FILE = NStitlebar_with_item/Info.plist;
				LD_RUNPATH_SEARCH_PATHS = "$(inherited) @executable_path/../Frameworks";
				PRODUCT_BUNDLE_IDENTIFIER = "bo.NStitlebar-with-item";
				PRODUCT_NAME = "$(TARGET_NAME)";
			};
			name = Release;
		};
		F8A664971E2B5F3300A84C86 /* Debug */ = {
			isa = XCBuildConfiguration;
			buildSettings = {
				BUNDLE_LOADER = "$(TEST_HOST)";
				COMBINE_HIDPI_IMAGES = YES;
				INFOPLIST_FILE = NStitlebar_with_itemTests/Info.plist;
				LD_RUNPATH_SEARCH_PATHS = "$(inherited) @executable_path/../Frameworks @loader_path/../Frameworks";
				PRODUCT_BUNDLE_IDENTIFIER = "bo.NStitlebar-with-itemTests";
				PRODUCT_NAME = "$(TARGET_NAME)";
				TEST_HOST = "$(BUILT_PRODUCTS_DIR)/NStitlebar_with_item.app/Contents/MacOS/NStitlebar_with_item";
			};
			name = Debug;
		};
		F8A664981E2B5F3300A84C86 /* Release */ = {
			isa = XCBuildConfiguration;
			buildSettings = {
				BUNDLE_LOADER = "$(TEST_HOST)";
				COMBINE_HIDPI_IMAGES = YES;
				INFOPLIST_FILE = NStitlebar_with_itemTests/Info.plist;
				LD_RUNPATH_SEARCH_PATHS = "$(inherited) @executable_path/../Frameworks @loader_path/../Frameworks";
				PRODUCT_BUNDLE_IDENTIFIER = "bo.NStitlebar-with-itemTests";
				PRODUCT_NAME = "$(TARGET_NAME)";
				TEST_HOST = "$(BUILT_PRODUCTS_DIR)/NStitlebar_with_item.app/Contents/MacOS/NStitlebar_with_item";
			};
			name = Release;
		};
		F8A6649A1E2B5F3300A84C86 /* Debug */ = {
			isa = XCBuildConfiguration;
			buildSettings = {
				COMBINE_HIDPI_IMAGES = YES;
				INFOPLIST_FILE = NStitlebar_with_itemUITests/Info.plist;
				LD_RUNPATH_SEARCH_PATHS = "$(inherited) @executable_path/../Frameworks @loader_path/../Frameworks";
				PRODUCT_BUNDLE_IDENTIFIER = "bo.NStitlebar-with-itemUITests";
				PRODUCT_NAME = "$(TARGET_NAME)";
				TEST_TARGET_NAME = NStitlebar_with_item;
			};
			name = Debug;
		};
		F8A6649B1E2B5F3300A84C86 /* Release */ = {
			isa = XCBuildConfiguration;
			buildSettings = {
				COMBINE_HIDPI_IMAGES = YES;
				INFOPLIST_FILE = NStitlebar_with_itemUITests/Info.plist;
				LD_RUNPATH_SEARCH_PATHS = "$(inherited) @executable_path/../Frameworks @loader_path/../Frameworks";
				PRODUCT_BUNDLE_IDENTIFIER = "bo.NStitlebar-with-itemUITests";
				PRODUCT_NAME = "$(TARGET_NAME)";
				TEST_TARGET_NAME = NStitlebar_with_item;
			};
			name = Release;
		};
/* End XCBuildConfiguration section */

/* Begin XCConfigurationList section */
		F8A664671E2B5F3200A84C86 /* Build configuration list for PBXProject "NStitlebar_with_item" */ = {
			isa = XCConfigurationList;
			buildConfigurations = (
				F8A664911E2B5F3300A84C86 /* Debug */,
				F8A664921E2B5F3300A84C86 /* Release */,
			);
			defaultConfigurationIsVisible = 0;
			defaultConfigurationName = Release;
		};
		F8A664931E2B5F3300A84C86 /* Build configuration list for PBXNativeTarget "NStitlebar_with_item" */ = {
			isa = XCConfigurationList;
			buildConfigurations = (
				F8A664941E2B5F3300A84C86 /* Debug */,
				F8A664951E2B5F3300A84C86 /* Release */,
			);
			defaultConfigurationIsVisible = 0;
			defaultConfigurationName = Release;
		};
		F8A664961E2B5F3300A84C86 /* Build configuration list for PBXNativeTarget "NStitlebar_with_itemTests" */ = {
			isa = XCConfigurationList;
			buildConfigurations = (
				F8A664971E2B5F3300A84C86 /* Debug */,
				F8A664981E2B5F3300A84C86 /* Release */,
			);
			defaultConfigurationIsVisible = 0;
			defaultConfigurationName = Release;
		};
		F8A664991E2B5F3300A84C86 /* Build configuration list for PBXNativeTarget "NStitlebar_with_itemUITests" */ = {
			isa = XCConfigurationList;
			buildConfigurations = (
				F8A6649A1E2B5F3300A84C86 /* Debug */,
				F8A6649B1E2B5F3300A84C86 /* Release */,
			);
			defaultConfigurationIsVisible = 0;
			defaultConfigurationName = Release;
		};
/* End XCConfigurationList section */
	};
	rootObject = F8A664641E2B5F3200A84C86 /* Project object */;
}
